cloudeng.io/algo v0.0.0-20250820215211-e1b65c305908 h1:gcmlvr7hWYe8p3ihLJnWeR5vyniVpefKpUZr/T1ekas=
cloudeng.io/algo v0.0.0-20250820215211-e1b65c305908/go.mod h1:UZ8vyc4kEQUKOdaj5K0KfFZjUbSguHKBTEkhzA17zmw=
cloudeng.io/algo v0.0.0-20251120181725-ae601f12dbbf/go.mod h1:UZ8vyc4kEQUKOdaj5K0KfFZjUbSguHKBTEkhzA17zmw=
cloudeng.io/algo v0.0.0-20251204190401-6fa1f48d333e h1:BI2siqeaSy4KTy41XudbOw1xSyLkXjdjIUER6hfaIsw=
cloudeng.io/algo v0.0.0-20251204190401-6fa1f48d333e/go.mod h1:UZ8vyc4kEQUKOdaj5K0KfFZjUbSguHKBTEkhzA17zmw=
cloudeng.io/cmdutil v0.0.0-20250820215211-e1b65c305908 h1:+U4JreDskuIJlC0uTdRIDqZG5EYkhnQefrTZaPQmG5c=
cloudeng.io/cmdutil v0.0.0-20250820215211-e1b65c305908/go.mod h1:DPmPt2BHWbkbVQ96AwvESlACDFHncHvXNqdFs0/e/68=
cloudeng.io/cmdutil v0.0.0-20251204190401-6fa1f48d333e h1:3O4lTGHacFC1a4DaFD8gnx0h1qmCRJGaTJhw0KfCeik=
cloudeng.io/cmdutil v0.0.0-20251204190401-6fa1f48d333e/go.mod h1:FOMZ13e4NUrAGTiqb7EY4nRZWfwbZUz3TL86Z5kJftA=
cloudeng.io/datetime v0.0.0-20250820215211-e1b65c305908 h1:VrTgCFztLTjy9LFRSWNDqhk8lH6qGh8rnxiyZzVDtHA=
cloudeng.io/datetime v0.0.0-20250820215211-e1b65c305908/go.mod h1:jrn5bY/afqLBBV29or+JWe2BJLHTqM0TyP46qRmhqfI=
cloudeng.io/datetime v0.0.0-20251204190401-6fa1f48d333e h1:LnTR/jblTfXvzzI4R/cBVixdfnUorIOC2Lv1lCKoTAc=
cloudeng.io/datetime v0.0.0-20251204190401-6fa1f48d333e/go.mod h1:jrn5bY/afqLBBV29or+JWe2BJLHTqM0TyP46qRmhqfI=
cloudeng.io/debug v0.0.0-20231026032435-4ad1389db593 h1:WEFkomseqbtoV3sDgMh25BeMUjajGB3nFRUbV1X/auo=
cloudeng.io/debug v0.0.0-20231026032435-4ad1389db593/go.mod h1:L94l9rix3PTZaCmlR4UiHtcU0ZVlFu5/BWbwgWSqqqk=
cloudeng.io/debug v0.0.0-20251104001519-e5e3fc20cf3e h1:vavP4Rbxkwc8iqKUSsUu/4Bf7qdnmJuaUOtssaN0+Rg=
cloudeng.io/errors v0.0.12 h1:yrEEm5tPWMIhY4rFvsM+7fb2GyZ1euciYsU2LQkjYr8=
cloudeng.io/errors v0.0.12/go.mod h1:+IAMDlCNxHDxlWE9vjkPxED0d7Wzt7Nl3REebuCO4m8=
cloudeng.io/errors v0.0.13-0.20251104013446-a84136171725 h1:mhCFtK326UvQpY4UvjhOJODVu1CqDpZMB3mrjkQ3Rz0=
cloudeng.io/errors v0.0.13-0.20251104013446-a84136171725/go.mod h1:+IAMDlCNxHDxlWE9vjkPxED0d7Wzt7Nl3REebuCO4m8=
cloudeng.io/file v0.0.0-20250820215211-e1b65c305908 h1:hJVIHCdCeLGfq7fQJxhXL1HlpoIxRUTAo9IPRFsBb3M=
cloudeng.io/file v0.0.0-20250820215211-e1b65c305908/go.mod h1:jiCbAhG39q/v5JSIqPl9QGcEtTeE3HRvo3ZnFcJttbM=
cloudeng.io/file v0.0.0-20251120181725-ae601f12dbbf/go.mod h1:dgJl/nOmxeGrrC3mZRfPHFtKyDjN5cbZ2OUQBCyCHt4=
cloudeng.io/file v0.0.0-20251204190401-6fa1f48d333e h1:T722cpuRJfSvLoPnG0IRiXABKQ6OqvkeoVI1MztzJZU=
cloudeng.io/file v0.0.0-20251204190401-6fa1f48d333e/go.mod h1:dgJl/nOmxeGrrC3mZRfPHFtKyDjN5cbZ2OUQBCyCHt4=
cloudeng.io/geospatial v0.0.0-20250820215211-e1b65c305908 h1:/AgKCWvSHnmtwB/HJAIFCGQgjCdEa7tj8tdEB2oZ8Bw=
cloudeng.io/geospatial v0.0.0-20250820215211-e1b65c305908/go.mod h1:seHhoa1CRNfoATfcFfi1NLm7auO4VX7CG7zjy3mFyBw=
cloudeng.io/geospatial v0.0.0-20251204190401-6fa1f48d333e h1:AfC46TVh2D+4m6UzF+nu+4y04w61uQgULW9kIxUQq1o=
cloudeng.io/geospatial v0.0.0-20251204190401-6fa1f48d333e/go.mod h1:seHhoa1CRNfoATfcFfi1NLm7auO4VX7CG7zjy3mFyBw=
cloudeng.io/logging v0.0.0-20250820215211-e1b65c305908 h1:MkSh60TTcYqI46jjxYjeZla0JdLPfKG3c4QXkwCu7Ug=
cloudeng.io/logging v0.0.0-20250820215211-e1b65c305908/go.mod h1:D0TUs3Aiwa1c7xI/TE7JITYnICck34r6DR5twakJjIs=
cloudeng.io/logging v0.0.0-20251204190401-6fa1f48d333e h1:JMClY7woXrBWxsWFboRu4YHuvez3uUI29PtoQbRpRLM=
cloudeng.io/logging v0.0.0-20251204190401-6fa1f48d333e/go.mod h1:D0TUs3Aiwa1c7xI/TE7JITYnICck34r6DR5twakJjIs=
cloudeng.io/sync v0.0.8 h1:N8o5Qo5sjxwDktWIW/7rfK14O74jGS3pprefjF3EFKA=
cloudeng.io/sync v0.0.8/go.mod h1:76qdZzMQSN+iPeQxY9MSbnSELKQmcd9E6pnfRgWgN8s=
cloudeng.io/sync v0.0.9-0.20251104013446-a84136171725 h1:VOMaCAr/QDNPu2ZcbuV9JwWzGJmnXzJjrW9PwuV/H2g=
cloudeng.io/sync v0.0.9-0.20251104013446-a84136171725/go.mod h1:bPp7qbb4lSaOsQEAsGX7NCvyKAgekc4/Vxd2yYeyVM0=
github.com/creack/pty v1.1.9/go.mod h1:oKZEueFk5CKHvIhNR5MUki03XCEU+Q6VDXinZuGJ33E=
github.com/kr/pretty v0.2.1/go.mod h1:ipq/a2n7PKx3OHsz4KJII5eveXtPO4qwEXGdVfWzfnI=
github.com/kr/pretty v0.3.1 h1:flRD4NNwYAUpkphVc1HcthR4KEIFJ65n8Mw5qdRn3LE=
github.com/kr/pretty v0.3.1/go.mod h1:hoEshYVHaxMs3cyo3Yncou5ZscifuDolrwPKZanG3xk=
github.com/kr/pty v1.1.1/go.mod h1:pFQYn66WHrOpPYNljwOMqo10TkYh1fy3cYio2l3bCsQ=
github.com/kr/text v0.1.0/go.mod h1:4Jbv+DJW3UT/LiOwJeYQe1efqtUx/iVham/4vfdArNI=
github.com/kr/text v0.2.0 h1:5Nx0Ya0ZqY2ygV366QzturHI13Jq95ApcVaJBhpS+AY=
github.com/kr/text v0.2.0/go.mod h1:eLer722TekiGuMkidMxC/pM04lWEeraHUUmBw8l2grE=
github.com/mooncaker816/learnmeeus/v3 v3.0.0-20180601123323-8217f4131761 h1:vYedVmd5TrlJ81C2+/cpTWBB4TNosKI+/ZX+xsVfxmw=
github.com/mooncaker816/learnmeeus/v3 v3.0.0-20180601123323-8217f4131761/go.mod h1:8wv0gR1RFJAL+HmFF56VgVmoi+yJUcPWtJfboy31AQo=
github.com/nathan-osman/go-sunrise v1.1.0 h1:ZqZmtmtzs8Os/DGQYi0YMHpuUqR/iRoJK+wDO0wTCw8=
github.com/nathan-osman/go-sunrise v1.1.0/go.mod h1:RcWqhT+5ShCZDev79GuWLayetpJp78RSjSWxiDowmlM=
github.com/pkg/diff v0.0.0-20210226163009-20ebb0f2a09e/go.mod h1:pJLUxLENpZxwdsKMEsNbx1VGcRFpLqf3715MtcvvzbA=
github.com/reiver/go-oi v1.0.0 h1:nvECWD7LF+vOs8leNGV/ww+F2iZKf3EYjYZ527turzM=
github.com/reiver/go-oi v1.0.0/go.mod h1:RrDBct90BAhoDTxB1fenZwfykqeGvhI6LsNfStJoEkI=
github.com/reiver/go-telnet v0.0.0-20180421082511-9ff0b2ab096e h1:quuzZLi72kkJjl+f5AQ93FMcadG19WkS7MO6TXFOSas=
github.com/reiver/go-telnet v0.0.0-20180421082511-9ff0b2ab096e/go.mod h1:+5vNVvEWwEIx86DB9Ke/+a5wBI464eDRo3eF0LcfpWg=
github.com/rogpeppe/go-internal v1.9.0/go.mod h1:WtVeX8xhTBvf0smdhujwtBcq4Qrzq/fJaraNFVN+nFs=
github.com/rogpeppe/go-internal v1.12.0 h1:exVL4IDcn6na9z1rAb56Vxr+CgyK3nn3O+epU5NdKM8=
github.com/rogpeppe/go-internal v1.12.0/go.mod h1:E+RYuTGaKKdloAfM02xzb0FW3Paa99yedzYV+kq4uf4=
github.com/soniakeys/sexagesimal v1.0.0 h1:p4OW7ID1naq0+k0Sn/gvuS2hRgmEcuJrZeyyntOGLvU=
github.com/soniakeys/sexagesimal v1.0.0/go.mod h1:/7psACvkUx/IZ1XX3HDdBci1Lz1ZObcjLX2MVVKI3rM=
github.com/soniakeys/unit v1.0.0 h1:UMIgu6dxDQaK6tYaQV6dJn5oovB6035KRxCS0O7Jiec=
github.com/soniakeys/unit v1.0.0/go.mod h1:z93o2tO/hJA2+Wr1Fozkt3jK4LyDwTfRCjyRFLAa4zk=
github.com/ziutek/telnet v0.1.0 h1:Fds2AqweYyoRHX/5X8ikiyqIcSl156Sf2xCvURfqXHA=
github.com/ziutek/telnet v0.1.0/go.mod h1:3M/h4qudUBZA8n+N4ywQIu2auiHUJNdqLUIKDAbG2M4=
golang.org/x/text v0.28.0 h1:rhazDwis8INMIwQ4tpjLDzUhx6RlXqZNPEM0huQojng=
golang.org/x/text v0.28.0/go.mod h1:U8nCwOR8jO/marOQ0QbDiOngZVEBB7MAiitBuMjXiNU=
golang.org/x/text v0.31.0 h1:aC8ghyu4JhP8VojJ2lEHBnochRno1sgL6nEi9WGFGMM=
golang.org/x/text v0.31.0/go.mod h1:tKRAlv61yKIjGGHX/4tP1LTbc13YSec1pxVEWXzfoeM=
gopkg.in/check.v1 v0.0.0-20161208181325-20d25e280405/go.mod h1:Co6ibVJAznAaIkqp8huTwlJQCZ016jof/cbN4VW5Yz0=
gopkg.in/check.v1 v1.0.0-20201130134442-10cb98267c6c h1:Hei/4ADfdWqJk1ZMxUNpqntNwaWcugrBjAiHlqqRiVk=
gopkg.in/check.v1 v1.0.0-20201130134442-10cb98267c6c/go.mod h1:JHkPIbrfpd72SG/EVd6muEfDQjcINNoR0C8j2r3qZ4Q=
gopkg.in/yaml.v3 v3.0.1 h1:fxVm/GzAzEWqLHuvctI91KS9hhNmmWOoWu0XTYJS7CA=
gopkg.in/yaml.v3 v3.0.1/go.mod h1:K4uyk7z7BCEPqu6E+C64Yfv1cQ7kz7rIZviUmN+EgEM=
