cloudeng.io v0.0.0-20250114011922-deda84865886 h1:UYVrw91nNiP6h7lXGmqI2B092swJ2cDZxtqL2HhyNWg=
cloudeng.io v0.0.0-20250114011922-deda84865886/go.mod h1:+uZmhuLSYbBXOpCRTETlTVwHyj1bt9im66QMbCynuzw=
cloudeng.io/algo v0.0.0-20250109190841-16f2cfe4fde2 h1:gaXjcHNHsy+4GlaHfUwJ4UarYQwxjhdw6DcgsJcq5oI=
cloudeng.io/algo v0.0.0-20250109190841-16f2cfe4fde2/go.mod h1:UZ8vyc4kEQUKOdaj5K0KfFZjUbSguHKBTEkhzA17zmw=
cloudeng.io/algo v0.0.0-20250114003739-fdea38a455e0 h1:OmKEVG+4+alTczXylEpLIoTpjdCjQXUytX7YciT6v2E=
cloudeng.io/algo v0.0.0-20250114003739-fdea38a455e0/go.mod h1:UZ8vyc4kEQUKOdaj5K0KfFZjUbSguHKBTEkhzA17zmw=
cloudeng.io/algo v0.0.0-20250115012004-c76cbf27f83d h1:+e8hj9pHft4jZCd9VB36hQI94KsZPQZZafz9ODXNyzc=
cloudeng.io/algo v0.0.0-20250115012004-c76cbf27f83d/go.mod h1:UZ8vyc4kEQUKOdaj5K0KfFZjUbSguHKBTEkhzA17zmw=
cloudeng.io/cmdutil v0.0.0-20241113171112-2102962e1386 h1:aJobHqW3BgARhAlNsanhk/eU4RICaXV6iXKc8Ot/tt0=
cloudeng.io/cmdutil v0.0.0-20241113171112-2102962e1386/go.mod h1:VmWWlXqETCbKuEhI4YcP/r5ki7LGCXZqEI+1lIoHY2k=
cloudeng.io/cmdutil v0.0.0-20250109190841-16f2cfe4fde2 h1:3YSmer5FOHY+qbPkbCe7Ssa+R9EnHXr5p8hUUoThwvM=
cloudeng.io/cmdutil v0.0.0-20250109190841-16f2cfe4fde2/go.mod h1:SaquTd0cZsJxXo4C/UzVIlGGgqSqxXXaWpZj8O35zg4=
cloudeng.io/cmdutil v0.0.0-20250114003739-fdea38a455e0 h1:dz3YDmkepNyW2h9jPt1cE7PoRtvI2HV/vYBK0UcKoIU=
cloudeng.io/cmdutil v0.0.0-20250114003739-fdea38a455e0/go.mod h1:SaquTd0cZsJxXo4C/UzVIlGGgqSqxXXaWpZj8O35zg4=
cloudeng.io/cmdutil v0.0.0-20250115012004-c76cbf27f83d h1:AtK3SS/E4gW0Q0mK1lqEwBCUVGNz88Db3J5Nf+/AmWc=
cloudeng.io/cmdutil v0.0.0-20250115012004-c76cbf27f83d/go.mod h1:SaquTd0cZsJxXo4C/UzVIlGGgqSqxXXaWpZj8O35zg4=
cloudeng.io/datetime v0.0.0-20250109190841-16f2cfe4fde2 h1:zqe4LlFBMUZ4Wk5CQUDn6wyFK5NilwUllPacg9ofTt8=
cloudeng.io/datetime v0.0.0-20250109190841-16f2cfe4fde2/go.mod h1:oC+T0v8O/Dtl7wE9Q+RXfQOjHT+9OlQAjvDbWZncs70=
cloudeng.io/datetime v0.0.0-20250113193110-bf966da7c42d h1:NRVh/RWa/9dZfse7fniZn1Smjgl4KpxPU2N+VkzYj8I=
cloudeng.io/datetime v0.0.0-20250113193110-bf966da7c42d/go.mod h1:oC+T0v8O/Dtl7wE9Q+RXfQOjHT+9OlQAjvDbWZncs70=
cloudeng.io/datetime v0.0.0-20250114003739-fdea38a455e0 h1:PWT3cR8X6r/wW8BSb6z/NfrcFdkFYrs8/s0CwIAOuLU=
cloudeng.io/datetime v0.0.0-20250114003739-fdea38a455e0/go.mod h1:oC+T0v8O/Dtl7wE9Q+RXfQOjHT+9OlQAjvDbWZncs70=
cloudeng.io/datetime v0.0.0-20250115012004-c76cbf27f83d h1:NryHG5Ca6i1OmCYnyylOkv15KVhBLUnJ29P0BbRk+ow=
cloudeng.io/datetime v0.0.0-20250115012004-c76cbf27f83d/go.mod h1:oC+T0v8O/Dtl7wE9Q+RXfQOjHT+9OlQAjvDbWZncs70=
cloudeng.io/debug v0.0.0-20231026032435-4ad1389db593 h1:WEFkomseqbtoV3sDgMh25BeMUjajGB3nFRUbV1X/auo=
cloudeng.io/debug v0.0.0-20231026032435-4ad1389db593/go.mod h1:L94l9rix3PTZaCmlR4UiHtcU0ZVlFu5/BWbwgWSqqqk=
cloudeng.io/errors v0.0.8/go.mod h1:xWamLL6tn3roKI6MRRFkw1jUkJL9s7CJzFYfaxuhHZk=
cloudeng.io/errors v0.0.10 h1:M/UgEEjD1v9MiGAw4QFkSREPdmScPt1YVuKESbRy8zU=
cloudeng.io/errors v0.0.10/go.mod h1:GO+C05d4kZnEqUC5Po9vajcyG8ibIzYCcOuomXHEznQ=
cloudeng.io/file v0.0.0-20241013003937-7fc58708a1c1 h1:aAMDb2sRGeJa/5G7gtM4VNENTfbPkoHzBcNZSceYuYU=
cloudeng.io/file v0.0.0-20241013003937-7fc58708a1c1/go.mod h1:kmcVscnnJO90nqQc4QV4E4bVNjYZTqrHPSu1OAfxFYk=
cloudeng.io/file v0.0.0-20250109190841-16f2cfe4fde2 h1:jceBrj0huy84tsTZbdKwK4qf6S42DydK3yEBJneiKi8=
cloudeng.io/file v0.0.0-20250109190841-16f2cfe4fde2/go.mod h1:cpn65256dvwrs7+iULJk+DSTiCtzVdb9ojENSHNQUkE=
cloudeng.io/file v0.0.0-20250114003739-fdea38a455e0 h1:+uZwTO2PgOufUE43HboLTc1yS910p2ayR/njhWV7FVQ=
cloudeng.io/file v0.0.0-20250114003739-fdea38a455e0/go.mod h1:cpn65256dvwrs7+iULJk+DSTiCtzVdb9ojENSHNQUkE=
cloudeng.io/file v0.0.0-20250115012004-c76cbf27f83d h1:zHqR6jr/RTXcXuIVUsjWJvatBE7mTB4ngS6iUff0zGY=
cloudeng.io/file v0.0.0-20250115012004-c76cbf27f83d/go.mod h1:cpn65256dvwrs7+iULJk+DSTiCtzVdb9ojENSHNQUkE=
cloudeng.io/geospatial v0.0.0-20250109190841-16f2cfe4fde2 h1:557Z07ZZNRUebuN/cFYjd6MT03K+nWBTKI0KeSCqUXA=
cloudeng.io/geospatial v0.0.0-20250109190841-16f2cfe4fde2/go.mod h1:1yGdV5wFFhmnISrAc5oMcL1XlJ/LiEVMhp+bRe8DhOc=
cloudeng.io/geospatial v0.0.0-20250114003739-fdea38a455e0 h1:DMlq8YjHPylzGvbuqG3TM7We3njc4eYCs3VYQy368Bg=
cloudeng.io/geospatial v0.0.0-20250114003739-fdea38a455e0/go.mod h1:3PUOypnT3/76rwv/a21Z00NXeVpjQKaDNnt/A8ysVTY=
cloudeng.io/geospatial v0.0.0-20250115012004-c76cbf27f83d h1:Phofntc8AXDsrJyEqlFoTKh7B0ErSPj+xd1+ORl08WU=
cloudeng.io/geospatial v0.0.0-20250115012004-c76cbf27f83d/go.mod h1:3PUOypnT3/76rwv/a21Z00NXeVpjQKaDNnt/A8ysVTY=
cloudeng.io/macos v0.0.0-20241113171112-2102962e1386 h1:uSIzu1HY+cmsYzv9QJAUW66YITmzseMYFsVZpXGrgt4=
cloudeng.io/macos v0.0.0-20241113171112-2102962e1386/go.mod h1:YIATBdTwPbivzrQol4V8Nnpw2ZMJotroiJxuTAopFgM=
cloudeng.io/macos v0.0.0-20250114003739-fdea38a455e0 h1:UC9pkKoHDKDjNv06GRpLaVZ6oP5agWpuXYw61T2T8V4=
cloudeng.io/macos v0.0.0-20250114003739-fdea38a455e0/go.mod h1:6Jv8oRfK6FBr/mriNWd1tgzipX8iAkH/dqoGTcBf/og=
cloudeng.io/macos v0.0.0-20250115012004-c76cbf27f83d h1:YbgZ3XZCybSn7/wt+tsa44jqep5QBlzULmJOlUPtCsA=
cloudeng.io/macos v0.0.0-20250115012004-c76cbf27f83d/go.mod h1:6Jv8oRfK6FBr/mriNWd1tgzipX8iAkH/dqoGTcBf/og=
cloudeng.io/net v0.0.0-20250115012004-c76cbf27f83d h1:X3y34oySlTWKgLrVsbme9eUVG5DJl1rURpIFQQ6vKfc=
cloudeng.io/net v0.0.0-20250115012004-c76cbf27f83d/go.mod h1:ZYl4s5CXup8GPn+0R5P+T0eNDBXFGsTlLVjgokPZZuU=
cloudeng.io/sync v0.0.8 h1:N8o5Qo5sjxwDktWIW/7rfK14O74jGS3pprefjF3EFKA=
cloudeng.io/sync v0.0.8/go.mod h1:76qdZzMQSN+iPeQxY9MSbnSELKQmcd9E6pnfRgWgN8s=
cloudeng.io/text v0.0.11 h1:q3+p3gxwNdr/V+k4+77fj9QxVpUU8G7B4+v26m+sE8I=
cloudeng.io/text v0.0.11/go.mod h1:99L3CQ55YhUy2+lHlFPowYyCoXO86fmkvNtcMT2X3GU=
cloudeng.io/webapi/clients/nws v0.0.0-20250116040431-a16229cf0935 h1:qv2lkV8OndDqt2Qyn9JXuWCzwz3uEX5ge2nLA6UNvqw=
cloudeng.io/webapi/clients/nws v0.0.0-20250116040431-a16229cf0935/go.mod h1:bjmaGE68MXZDriIUR4vVRXWlQLGq+32VK4J0ua1pr/0=
cloudeng.io/webapi/operations v0.0.0-20250116040431-a16229cf0935 h1:nBMi5vXrtWYkhifO1PpinT3pUCuodMou3A3HOl+D1Xc=
cloudeng.io/webapi/operations v0.0.0-20250116040431-a16229cf0935/go.mod h1:uGPvy9FlXotcdATf7+b2lZNGDVfRe1C7MqS3wBVGeq0=
github.com/cosnicolaou/elk v0.0.0-20250111213249-e459e1d29acc h1:t2RjNXTj7zTxlEwWCbb/iH5R0/axhDBEHCEuEwIg9mI=
github.com/cosnicolaou/elk v0.0.0-20250111213249-e459e1d29acc/go.mod h1:zY9CWNVUiNxEsv2sS87L1SM8Zs4DKN6uI5nZwoW9qtA=
github.com/cosnicolaou/elk v0.0.0-20250115010947-f61fb661abf5 h1:V67sqZpEcj0YCj8L/rDZCDuj38psxmK6T4ezT2EoPuo=
github.com/cosnicolaou/elk v0.0.0-20250115010947-f61fb661abf5/go.mod h1:F74+5gfjkoOEI+qaA/i//9NdFdN2qWHhyIFbW651huE=
github.com/cosnicolaou/lutron v0.0.0-20250106184029-eda6775819a0 h1:ckLDcCgvKw8IOAJGEQ78f/NJybB42NPRAKNzQFWqsi4=
github.com/cosnicolaou/lutron v0.0.0-20250106184029-eda6775819a0/go.mod h1:xutIBTFTZ4oaLzMIIMKOWXLGZeJ0ah9GYup4ftRpxLY=
github.com/cosnicolaou/lutron v0.0.0-20250110215656-de834b58ed1a h1:rUHVJvrs9Hfn5EqoWlXULOq+r7BAvIGqMBpVQCLnQbQ=
github.com/cosnicolaou/lutron v0.0.0-20250110215656-de834b58ed1a/go.mod h1:xutIBTFTZ4oaLzMIIMKOWXLGZeJ0ah9GYup4ftRpxLY=
github.com/cosnicolaou/lutron v0.0.0-20250115011004-ba67b4d4d937 h1:ZOn7GY0Dz9xBSYnfFcDRT86T+DSao2DLSEWOv0hxPUc=
github.com/cosnicolaou/lutron v0.0.0-20250115011004-ba67b4d4d937/go.mod h1:5NcygPhpjPUIhKdbGk86wd6q7g3KXa0QeJxHzc6t5v4=
github.com/cosnicolaou/pentair v0.0.0-20241212204956-4f468a766a1f h1:XC5lw50USKkKMkaDMUIl9q4Jsfeh90yCmWaDpL1I8Ps=
github.com/cosnicolaou/pentair v0.0.0-20241212204956-4f468a766a1f/go.mod h1:daCzbxsQlyFkrJhe9s4HmTOzAAmlAHq3VV12Q5KcgBM=
github.com/cosnicolaou/pentair v0.0.0-20250112003004-bff1b81f53ee h1:yorsdO9FbXRFsc28kAL7lGpKqnS6pf44/Z2o1xV+Iak=
github.com/cosnicolaou/pentair v0.0.0-20250112003004-bff1b81f53ee/go.mod h1:daCzbxsQlyFkrJhe9s4HmTOzAAmlAHq3VV12Q5KcgBM=
github.com/cosnicolaou/pentair v0.0.0-20250115011051-10f1ce25c822 h1:ReRnUq58jYv78M7bmLlZQcUJ8OIISzRg6NEU0g9Ccm4=
github.com/cosnicolaou/pentair v0.0.0-20250115011051-10f1ce25c822/go.mod h1:nrAxCEaoFxC3uQ5wiO2F/SxMt7Lbqqy2PwEFPaJU8Ek=
github.com/cosnicolaou/weather v0.0.0-20250116000749-aaafc5a9ba11 h1:cHgmnWgOVPxYWb2vURY2qUXYUQNM63VVaC6fFVnwrpc=
github.com/cosnicolaou/weather v0.0.0-20250116000749-aaafc5a9ba11/go.mod h1:RAUseuax7w8FOqvhNWIzvUWLr1AFPLqKLT1y4lHPjNs=
github.com/cosnicolaou/weather v0.0.0-20250116001637-1963443e48de h1:3Rr/oADVlFuSwKDH+XyTNe3QWFxFoi3/utEvIEtsJsA=
github.com/cosnicolaou/weather v0.0.0-20250116001637-1963443e48de/go.mod h1:RAUseuax7w8FOqvhNWIzvUWLr1AFPLqKLT1y4lHPjNs=
github.com/cosnicolaou/weather v0.0.0-20250116202323-85eb2db9ff13 h1:Ad65TuI8tNjLytmWR9JQk1S8U6LiUlP5Wfg40vCpW9g=
github.com/cosnicolaou/weather v0.0.0-20250116202323-85eb2db9ff13/go.mod h1:gzpOa/gRakINcGohbesIGi0dDqw9Bkdkn1PQiCCCt+A=
github.com/jedib0t/go-pretty/v6 v6.6.5 h1:9PgMJOVBedpgYLI56jQRJYqngxYAAzfEUua+3NgSqAo=
github.com/jedib0t/go-pretty/v6 v6.6.5/go.mod h1:Uq/HrbhuFty5WSVNfjpQQe47x16RwVGXIveNGEyGtHs=
github.com/keybase/go-keychain v0.0.0-20231219164618-57a3676c3af6 h1:IsMZxCuZqKuao2vNdfD82fjjgPLfyHLpR41Z88viRWs=
github.com/keybase/go-keychain v0.0.0-20231219164618-57a3676c3af6/go.mod h1:3VeWNIJaW+O5xpRQbPp0Ybqu1vJd/pm7s2F473HRrkw=
github.com/keybase/go-keychain v0.0.0-20250107162724-3747e5bfbb71 h1:1+B+0oORGfgT2adCEqDAdWwm7uX6PJMIwloZ4KkWo+o=
github.com/keybase/go-keychain v0.0.0-20250107162724-3747e5bfbb71/go.mod h1:5IIEcwnPTxFTdFEYdyIjJvRuZnTkf+R4nTxSXRrKDT4=
github.com/mattn/go-runewidth v0.0.15 h1:UNAjwbU9l54TA3KzvqLGxwWjHmMgBUVhBiTjelZgg3U=
github.com/mattn/go-runewidth v0.0.15/go.mod h1:Jdepj2loyihRzMpdS35Xk/zdY8IAYHsh153qUoGf23w=
github.com/mooncaker816/learnmeeus/v3 v3.0.0-20180601123323-8217f4131761 h1:vYedVmd5TrlJ81C2+/cpTWBB4TNosKI+/ZX+xsVfxmw=
github.com/mooncaker816/learnmeeus/v3 v3.0.0-20180601123323-8217f4131761/go.mod h1:8wv0gR1RFJAL+HmFF56VgVmoi+yJUcPWtJfboy31AQo=
github.com/nathan-osman/go-sunrise v1.1.0 h1:ZqZmtmtzs8Os/DGQYi0YMHpuUqR/iRoJK+wDO0wTCw8=
github.com/nathan-osman/go-sunrise v1.1.0/go.mod h1:RcWqhT+5ShCZDev79GuWLayetpJp78RSjSWxiDowmlM=
github.com/reiver/go-oi v1.0.0 h1:nvECWD7LF+vOs8leNGV/ww+F2iZKf3EYjYZ527turzM=
github.com/reiver/go-oi v1.0.0/go.mod h1:RrDBct90BAhoDTxB1fenZwfykqeGvhI6LsNfStJoEkI=
github.com/reiver/go-telnet v0.0.0-20180421082511-9ff0b2ab096e h1:quuzZLi72kkJjl+f5AQ93FMcadG19WkS7MO6TXFOSas=
github.com/reiver/go-telnet v0.0.0-20180421082511-9ff0b2ab096e/go.mod h1:+5vNVvEWwEIx86DB9Ke/+a5wBI464eDRo3eF0LcfpWg=
github.com/rivo/uniseg v0.2.0 h1:S1pD9weZBuJdFmowNwbpi7BJ8TNftyUImj/0WQi72jY=
github.com/rivo/uniseg v0.2.0/go.mod h1:J6wj4VEh+S6ZtnVlnTBMWIodfgj8LQOQFoIToxlJtxc=
github.com/soniakeys/sexagesimal v1.0.0 h1:p4OW7ID1naq0+k0Sn/gvuS2hRgmEcuJrZeyyntOGLvU=
github.com/soniakeys/sexagesimal v1.0.0/go.mod h1:/7psACvkUx/IZ1XX3HDdBci1Lz1ZObcjLX2MVVKI3rM=
github.com/soniakeys/unit v1.0.0 h1:UMIgu6dxDQaK6tYaQV6dJn5oovB6035KRxCS0O7Jiec=
github.com/soniakeys/unit v1.0.0/go.mod h1:z93o2tO/hJA2+Wr1Fozkt3jK4LyDwTfRCjyRFLAa4zk=
github.com/ziutek/telnet v0.1.0 h1:Fds2AqweYyoRHX/5X8ikiyqIcSl156Sf2xCvURfqXHA=
github.com/ziutek/telnet v0.1.0/go.mod h1:3M/h4qudUBZA8n+N4ywQIu2auiHUJNdqLUIKDAbG2M4=
golang.org/x/sys v0.29.0 h1:TPYlXGxvx1MGTn2GiZDhnjPA9wZzZeGKHHmKhHYvgaU=
golang.org/x/sys v0.29.0/go.mod h1:/VUhepiaJMQUp4+oa/7Zr1D23ma6VTLIYjOOTFZPUcA=
golang.org/x/text v0.20.0 h1:gK/Kv2otX8gz+wn7Rmb3vT96ZwuoxnQlY+HlJVj7Qug=
golang.org/x/text v0.20.0/go.mod h1:D4IsuqiFMhST5bX19pQ9ikHC2GsaKyk/oF+pn3ducp4=
golang.org/x/text v0.21.0 h1:zyQAAkrwaneQ066sspRyJaG9VNi/YJ1NfzcGB3hZ/qo=
golang.org/x/text v0.21.0/go.mod h1:4IBbMaMmOPCJ8SecivzSH54+73PCFmPWxNTLm+vZkEQ=
gopkg.in/check.v1 v0.0.0-20161208181325-20d25e280405 h1:yhCVgyC4o1eVCa2tZl7eS0r+SDo693bJlVdllGtEeKM=
gopkg.in/check.v1 v0.0.0-20161208181325-20d25e280405/go.mod h1:Co6ibVJAznAaIkqp8huTwlJQCZ016jof/cbN4VW5Yz0=
gopkg.in/yaml.v3 v3.0.1 h1:fxVm/GzAzEWqLHuvctI91KS9hhNmmWOoWu0XTYJS7CA=
gopkg.in/yaml.v3 v3.0.1/go.mod h1:K4uyk7z7BCEPqu6E+C64Yfv1cQ7kz7rIZviUmN+EgEM=
