cloudeng.io/algo v0.0.0-20250428223124-bb967ac9f3f8 h1:pIqhI/02NNoShKAN6uReb41o22Lm9udZV8nsSF8puOw=
cloudeng.io/algo v0.0.0-20250428223124-bb967ac9f3f8/go.mod h1:UZ8vyc4kEQUKOdaj5K0KfFZjUbSguHKBTEkhzA17zmw=
cloudeng.io/cmdutil v0.0.0-20250428223124-bb967ac9f3f8 h1:hs9tFbld9uuuOzr++6JS6LuF4ZHylYuRdzllwN70+Go=
cloudeng.io/cmdutil v0.0.0-20250428223124-bb967ac9f3f8/go.mod h1:cdA+lzBTdzRDglLOacu63J+tgu/TO3IQ8jGskda6ntQ=
cloudeng.io/datetime v0.0.0-20250428223124-bb967ac9f3f8 h1:xVC3pb9nvLDhc0MFWxmYkEBHM1gh2dKqdLsBsYWQmto=
cloudeng.io/datetime v0.0.0-20250428223124-bb967ac9f3f8/go.mod h1:/vJ5Opdclc6UQ0nypL8y1EENDITc+JsV3k43pi/H6NU=
cloudeng.io/debug v0.0.0-20231026032435-4ad1389db593 h1:WEFkomseqbtoV3sDgMh25BeMUjajGB3nFRUbV1X/auo=
cloudeng.io/debug v0.0.0-20231026032435-4ad1389db593/go.mod h1:L94l9rix3PTZaCmlR4UiHtcU0ZVlFu5/BWbwgWSqqqk=
cloudeng.io/errors v0.0.8/go.mod h1:xWamLL6tn3roKI6MRRFkw1jUkJL9s7CJzFYfaxuhHZk=
cloudeng.io/errors v0.0.10 h1:M/UgEEjD1v9MiGAw4QFkSREPdmScPt1YVuKESbRy8zU=
cloudeng.io/errors v0.0.10/go.mod h1:GO+C05d4kZnEqUC5Po9vajcyG8ibIzYCcOuomXHEznQ=
cloudeng.io/file v0.0.0-20250428223124-bb967ac9f3f8 h1:+UoQbuslTATAty78yj7O5Su27aZfrMUj0p01YJQF7XE=
cloudeng.io/file v0.0.0-20250428223124-bb967ac9f3f8/go.mod h1:oim2jVljgZXzwJJSywUcdyROOSEvhLjIQvKDv+79tVI=
cloudeng.io/geospatial v0.0.0-20250428223124-bb967ac9f3f8 h1:yrZH7qcpedy/LBTu9o9zQY5qFIdcgsjYy9bt40MpNGI=
cloudeng.io/geospatial v0.0.0-20250428223124-bb967ac9f3f8/go.mod h1:RGfS+5Q8V3JpvcF99Lbq2+aeSt0AEyZXNqGL71KYyoE=
cloudeng.io/io v0.0.0-20250428223124-bb967ac9f3f8 h1:xX6kAnNle4VvmPN3F7dIm8QwYAeTlkFmvFWBw9wU08U=
cloudeng.io/io v0.0.0-20250428223124-bb967ac9f3f8/go.mod h1:a0lVHdBu3pI1Of93M7SnYVaSHKUN+VrONnOeNKX/wvM=
cloudeng.io/logging v0.0.0-20250428223124-bb967ac9f3f8 h1:/mGihcZqyJOS3jQOrTEZIzlLiX8gaDaasP736sTOjqY=
cloudeng.io/logging v0.0.0-20250428223124-bb967ac9f3f8/go.mod h1:D0TUs3Aiwa1c7xI/TE7JITYnICck34r6DR5twakJjIs=
cloudeng.io/macos v0.0.0-20250428223124-bb967ac9f3f8 h1:I0VhpuyI1GYAf311aYIjxFDnCy1RQNXB+dHBW+bRxlM=
cloudeng.io/macos v0.0.0-20250428223124-bb967ac9f3f8/go.mod h1:hXOiYDEHPmwqul0MvkYd6vir3Bb67R/0ETGZuoH2vkc=
cloudeng.io/net v0.0.0-20250428223124-bb967ac9f3f8 h1:DVVMiWkFImggpaIEYhYy1UFC8nPe8+V+akVQSFLk6Bc=
cloudeng.io/net v0.0.0-20250428223124-bb967ac9f3f8/go.mod h1:8JxYpvi1PSylKzyGVIuzKn17CLLUCjtfOPIGU6oCs/s=
cloudeng.io/sync v0.0.8 h1:N8o5Qo5sjxwDktWIW/7rfK14O74jGS3pprefjF3EFKA=
cloudeng.io/sync v0.0.8/go.mod h1:76qdZzMQSN+iPeQxY9MSbnSELKQmcd9E6pnfRgWgN8s=
cloudeng.io/sys v0.0.0-20250119024745-8a46e9bdda10 h1:A+45DKSFriLzKE418FjYqD9Ft1+9Am1gzY67Hzr4cPs=
cloudeng.io/sys v0.0.0-20250119024745-8a46e9bdda10/go.mod h1:DTZ/0U2Qj6+6HoD2x22VI5E1KdEY/eS5cZLaQ78P9j8=
cloudeng.io/text v0.0.11 h1:q3+p3gxwNdr/V+k4+77fj9QxVpUU8G7B4+v26m+sE8I=
cloudeng.io/text v0.0.11/go.mod h1:99L3CQ55YhUy2+lHlFPowYyCoXO86fmkvNtcMT2X3GU=
cloudeng.io/webapi/clients/nws v0.0.0-20250428214600-1bf039e55dba h1:mEf0eK21ZrrHYOW3o+0XoRMWuSqn0ReCDUKeKuJyHeY=
cloudeng.io/webapi/clients/nws v0.0.0-20250428214600-1bf039e55dba/go.mod h1:GGVEfKk42Fd9BlWoj1ZUFIJNl+GKg7Mvmp5bkvcdl4k=
cloudeng.io/webapi/operations v0.0.0-20250428214600-1bf039e55dba h1:P6x5rN7jJNs4VcdF7aUcV/r7iAzSbbJ0ScevqsBIBEI=
cloudeng.io/webapi/operations v0.0.0-20250428214600-1bf039e55dba/go.mod h1:Ik16TEM3e4ay1TJIc0Urx976q+myGjtUFWvDlFwPxkw=
cloudeng.io/webapi/webapitestutil v0.0.0-20250419215804-ce6a0b356c82 h1:61l6m9E06bIcyAWij2KCTIXJjzeC3aP2AByQYmQN8ew=
cloudeng.io/webapi/webapitestutil v0.0.0-20250419215804-ce6a0b356c82/go.mod h1:QVwnZ8VIYSg0By9n1d96mwBeNykrqaNEOrQ/17b3yRo=
cloudeng.io/webapp v0.0.0-20250428223124-bb967ac9f3f8 h1:Alg9N1drcCymi/up0duN2CZKSn11R0NKHVqVhu8HgfI=
cloudeng.io/webapp v0.0.0-20250428223124-bb967ac9f3f8/go.mod h1:r6+6WVKxG1cEYBVIyHmPRjcxZr95ALGl3+1I0mtcCgI=
github.com/cosnicolaou/automation v0.0.0-20250516220144-b6f3bad30206 h1:+OjXV+TucMYsf4jQP0ztSIRZSApa3GvLTBNxEqKCsoM=
github.com/cosnicolaou/automation v0.0.0-20250516220144-b6f3bad30206/go.mod h1:d3KJXO0phiAQ+NtWdMM0HoSBSIRRBFvzuwXjjwAHwDI=
github.com/cosnicolaou/elk v0.0.0-20250517155449-338cf8104f77 h1:h/PSmJTswd/XOPf/rqhWqCephvpvCdNf0Ggfcf3ji3w=
github.com/cosnicolaou/elk v0.0.0-20250517155449-338cf8104f77/go.mod h1:AZhJiQIbMuMCbGKkB3n31VCZ+JsD+Re20J0Xuu8AaUk=
github.com/cosnicolaou/lutron v0.0.0-20250517155439-517c8803ee9a h1:wYX2tXCOImHiBlhDBi01mkkM+XT4AcfFhCauENJh6QY=
github.com/cosnicolaou/lutron v0.0.0-20250517155439-517c8803ee9a/go.mod h1:7ggQ7g+Mq/YaL9pcixbzhBElVLvVNji+ZlHBZDcbKeA=
github.com/cosnicolaou/pentair v0.0.0-20250517163404-bda7ca8fc629 h1:6ZwgzEixnb+7DXCTNKDSXJr8qWmWiHyPaD0+qXCsWhg=
github.com/cosnicolaou/pentair v0.0.0-20250517163404-bda7ca8fc629/go.mod h1:eQI0JzNO9dcz+LGwIvwBg2FO/jXJoWIa032ABg0iBuQ=
github.com/cosnicolaou/weather v0.0.0-20250428221622-5f7fd0899ee0 h1:6vT692x6O1uZSK1EZEz4Mzd1Eu28msD9V3MICOERYWA=
github.com/cosnicolaou/weather v0.0.0-20250428221622-5f7fd0899ee0/go.mod h1:mNh22tbuaxyLecft+dVx+Z8eIe6O3HyFFzYlDMOlMpU=
github.com/davecgh/go-spew v1.1.1 h1:vj9j/u1bqnvCEfJOwUhtlOARqs3+rkHYY13jYWTU97c=
github.com/davecgh/go-spew v1.1.1/go.mod h1:J7Y8YcW2NihsgmVo/mv3lAwl/skON4iLHjSsI+c5H38=
github.com/jedib0t/go-pretty/v6 v6.6.7 h1:m+LbHpm0aIAPLzLbMfn8dc3Ht8MW7lsSO4MPItz/Uuo=
github.com/jedib0t/go-pretty/v6 v6.6.7/go.mod h1:YwC5CE4fJ1HFUDeivSV1r//AmANFHyqczZk+U6BDALU=
github.com/keybase/go-keychain v0.0.1 h1:way+bWYa6lDppZoZcgMbYsvC7GxljxrskdNInRtuthU=
github.com/keybase/go-keychain v0.0.1/go.mod h1:PdEILRW3i9D8JcdM+FmY6RwkHGnhHxXwkPPMeUgOK1k=
github.com/kr/pretty v0.3.1 h1:flRD4NNwYAUpkphVc1HcthR4KEIFJ65n8Mw5qdRn3LE=
github.com/kr/pretty v0.3.1/go.mod h1:hoEshYVHaxMs3cyo3Yncou5ZscifuDolrwPKZanG3xk=
github.com/kr/text v0.2.0 h1:5Nx0Ya0ZqY2ygV366QzturHI13Jq95ApcVaJBhpS+AY=
github.com/kr/text v0.2.0/go.mod h1:eLer722TekiGuMkidMxC/pM04lWEeraHUUmBw8l2grE=
github.com/mattn/go-runewidth v0.0.16 h1:E5ScNMtiwvlvB5paMFdw9p4kSQzbXFikJ5SQO6TULQc=
github.com/mattn/go-runewidth v0.0.16/go.mod h1:Jdepj2loyihRzMpdS35Xk/zdY8IAYHsh153qUoGf23w=
github.com/mooncaker816/learnmeeus/v3 v3.0.0-20180601123323-8217f4131761 h1:vYedVmd5TrlJ81C2+/cpTWBB4TNosKI+/ZX+xsVfxmw=
github.com/mooncaker816/learnmeeus/v3 v3.0.0-20180601123323-8217f4131761/go.mod h1:8wv0gR1RFJAL+HmFF56VgVmoi+yJUcPWtJfboy31AQo=
github.com/nathan-osman/go-sunrise v1.1.0 h1:ZqZmtmtzs8Os/DGQYi0YMHpuUqR/iRoJK+wDO0wTCw8=
github.com/nathan-osman/go-sunrise v1.1.0/go.mod h1:RcWqhT+5ShCZDev79GuWLayetpJp78RSjSWxiDowmlM=
github.com/pkg/browser v0.0.0-20240102092130-5ac0b6a4141c h1:+mdjkGKdHQG3305AYmdv1U2eRNDiU2ErMBj1gwrq8eQ=
github.com/pkg/browser v0.0.0-20240102092130-5ac0b6a4141c/go.mod h1:7rwL4CYBLnjLxUqIJNnCWiEdr3bn6IUYi15bNlnbCCU=
github.com/pmezard/go-difflib v1.0.0 h1:4DBwDE0NGyQoBHbLQYPwSUPoCMWR5BEzIk/f1lZbAQM=
github.com/pmezard/go-difflib v1.0.0/go.mod h1:iKH77koFhYxTK1pcRnkKkqfTogsbg7gZNVY4sRDYZ/4=
github.com/reiver/go-oi v1.0.0 h1:nvECWD7LF+vOs8leNGV/ww+F2iZKf3EYjYZ527turzM=
github.com/reiver/go-oi v1.0.0/go.mod h1:RrDBct90BAhoDTxB1fenZwfykqeGvhI6LsNfStJoEkI=
github.com/reiver/go-telnet v0.0.0-20180421082511-9ff0b2ab096e h1:quuzZLi72kkJjl+f5AQ93FMcadG19WkS7MO6TXFOSas=
github.com/reiver/go-telnet v0.0.0-20180421082511-9ff0b2ab096e/go.mod h1:+5vNVvEWwEIx86DB9Ke/+a5wBI464eDRo3eF0LcfpWg=
github.com/rivo/uniseg v0.2.0/go.mod h1:J6wj4VEh+S6ZtnVlnTBMWIodfgj8LQOQFoIToxlJtxc=
github.com/rivo/uniseg v0.4.7 h1:WUdvkW8uEhrYfLC4ZzdpI2ztxP1I582+49Oc5Mq64VQ=
github.com/rivo/uniseg v0.4.7/go.mod h1:FN3SvrM+Zdj16jyLfmOkMNblXMcoc8DfTHruCPUcx88=
github.com/rogpeppe/go-internal v1.12.0 h1:exVL4IDcn6na9z1rAb56Vxr+CgyK3nn3O+epU5NdKM8=
github.com/rogpeppe/go-internal v1.12.0/go.mod h1:E+RYuTGaKKdloAfM02xzb0FW3Paa99yedzYV+kq4uf4=
github.com/soniakeys/sexagesimal v1.0.0 h1:p4OW7ID1naq0+k0Sn/gvuS2hRgmEcuJrZeyyntOGLvU=
github.com/soniakeys/sexagesimal v1.0.0/go.mod h1:/7psACvkUx/IZ1XX3HDdBci1Lz1ZObcjLX2MVVKI3rM=
github.com/soniakeys/unit v1.0.0 h1:UMIgu6dxDQaK6tYaQV6dJn5oovB6035KRxCS0O7Jiec=
github.com/soniakeys/unit v1.0.0/go.mod h1:z93o2tO/hJA2+Wr1Fozkt3jK4LyDwTfRCjyRFLAa4zk=
github.com/stretchr/testify v1.10.0 h1:Xv5erBjTwe/5IxqUQTdXv5kgmIvbHo3QQyRwhJsOfJA=
github.com/stretchr/testify v1.10.0/go.mod h1:r2ic/lqez/lEtzL7wO/rwa5dbSLXVDPFyf8C91i36aY=
github.com/ziutek/telnet v0.1.0 h1:Fds2AqweYyoRHX/5X8ikiyqIcSl156Sf2xCvURfqXHA=
github.com/ziutek/telnet v0.1.0/go.mod h1:3M/h4qudUBZA8n+N4ywQIu2auiHUJNdqLUIKDAbG2M4=
golang.org/x/sys v0.1.0/go.mod h1:oPkhp1MJrh7nUepCBck5+mAzfO9JrbApNNgaTdGDITg=
golang.org/x/sys v0.33.0 h1:q3i8TbbEz+JRD9ywIRlyRAQbM0qF7hu24q3teo2hbuw=
golang.org/x/sys v0.33.0/go.mod h1:BJP2sWEmIv4KK5OTEluFJCKSidICx8ciO85XgH3Ak8k=
golang.org/x/text v0.25.0 h1:qVyWApTSYLk/drJRO5mDlNYskwQznZmkpV2c8q9zls4=
golang.org/x/text v0.25.0/go.mod h1:WEdwpYrmk1qmdHvhkSTNPm3app7v4rsT8F2UD6+VHIA=
gopkg.in/check.v1 v0.0.0-20161208181325-20d25e280405/go.mod h1:Co6ibVJAznAaIkqp8huTwlJQCZ016jof/cbN4VW5Yz0=
gopkg.in/check.v1 v1.0.0-20201130134442-10cb98267c6c h1:Hei/4ADfdWqJk1ZMxUNpqntNwaWcugrBjAiHlqqRiVk=
gopkg.in/check.v1 v1.0.0-20201130134442-10cb98267c6c/go.mod h1:JHkPIbrfpd72SG/EVd6muEfDQjcINNoR0C8j2r3qZ4Q=
gopkg.in/yaml.v3 v3.0.1 h1:fxVm/GzAzEWqLHuvctI91KS9hhNmmWOoWu0XTYJS7CA=
gopkg.in/yaml.v3 v3.0.1/go.mod h1:K4uyk7z7BCEPqu6E+C64Yfv1cQ7kz7rIZviUmN+EgEM=
