cloudeng.io/algo v0.0.0-20250417183712-58bca6dba505 h1:m/mee2zGPtMwd3VWsZ0uwLqQAbqOFpO4APhTc50KxTY=
cloudeng.io/algo v0.0.0-20250417183712-58bca6dba505/go.mod h1:UZ8vyc4kEQUKOdaj5K0KfFZjUbSguHKBTEkhzA17zmw=
cloudeng.io/cmdutil v0.0.0-20250417183712-58bca6dba505 h1:eL/fpV6a3xt67ogF/e3YUzFEgH08QStxpRJCOaCPOM0=
cloudeng.io/cmdutil v0.0.0-20250417183712-58bca6dba505/go.mod h1:cdA+lzBTdzRDglLOacu63J+tgu/TO3IQ8jGskda6ntQ=
cloudeng.io/datetime v0.0.0-20250417183712-58bca6dba505 h1:vAnM1LIuI6dygc/3z4VUKgXtKVJdKBk8unzDJ+wFjNc=
cloudeng.io/datetime v0.0.0-20250417183712-58bca6dba505/go.mod h1:/vJ5Opdclc6UQ0nypL8y1EENDITc+JsV3k43pi/H6NU=
cloudeng.io/debug v0.0.0-20231026032435-4ad1389db593 h1:WEFkomseqbtoV3sDgMh25BeMUjajGB3nFRUbV1X/auo=
cloudeng.io/debug v0.0.0-20231026032435-4ad1389db593/go.mod h1:L94l9rix3PTZaCmlR4UiHtcU0ZVlFu5/BWbwgWSqqqk=
cloudeng.io/errors v0.0.8/go.mod h1:xWamLL6tn3roKI6MRRFkw1jUkJL9s7CJzFYfaxuhHZk=
cloudeng.io/errors v0.0.10 h1:M/UgEEjD1v9MiGAw4QFkSREPdmScPt1YVuKESbRy8zU=
cloudeng.io/errors v0.0.10/go.mod h1:GO+C05d4kZnEqUC5Po9vajcyG8ibIzYCcOuomXHEznQ=
cloudeng.io/file v0.0.0-20250417183712-58bca6dba505 h1:jMvGmsHwNrwX6pHwhLZRlZzBd7UvnXBR5MTrI+k6nk8=
cloudeng.io/file v0.0.0-20250417183712-58bca6dba505/go.mod h1:oim2jVljgZXzwJJSywUcdyROOSEvhLjIQvKDv+79tVI=
cloudeng.io/geospatial v0.0.0-20250417183712-58bca6dba505 h1:caW/0Oy52V4ydbgKwbdrJg7Ikb+HhIGiDVbMQgN9krQ=
cloudeng.io/geospatial v0.0.0-20250417183712-58bca6dba505/go.mod h1:RGfS+5Q8V3JpvcF99Lbq2+aeSt0AEyZXNqGL71KYyoE=
cloudeng.io/io v0.0.0-20250417183712-58bca6dba505 h1:UcEJkAlwDzd8V02rfkVAhpoedecOAtTUBW1iWqHdWh0=
cloudeng.io/io v0.0.0-20250417183712-58bca6dba505/go.mod h1:a0lVHdBu3pI1Of93M7SnYVaSHKUN+VrONnOeNKX/wvM=
cloudeng.io/logging v0.0.0-20250417183712-58bca6dba505 h1:Gng+gHZgBwmIW9Y23YGw91+SPADvL6/zuLG+VOsS72k=
cloudeng.io/logging v0.0.0-20250417183712-58bca6dba505/go.mod h1:D0TUs3Aiwa1c7xI/TE7JITYnICck34r6DR5twakJjIs=
cloudeng.io/macos v0.0.0-20250417183712-58bca6dba505 h1:QSzUJ3KiVCbS60lH7XBB7N5Ess6GgZ5msOyFQusiBO0=
cloudeng.io/macos v0.0.0-20250417183712-58bca6dba505/go.mod h1:hXOiYDEHPmwqul0MvkYd6vir3Bb67R/0ETGZuoH2vkc=
cloudeng.io/net v0.0.0-20250417183712-58bca6dba505 h1:TUUUqBAVhyvVNCQWClk3Dzu26YFdROU7RtZC3xaJBE0=
cloudeng.io/net v0.0.0-20250417183712-58bca6dba505/go.mod h1:8JxYpvi1PSylKzyGVIuzKn17CLLUCjtfOPIGU6oCs/s=
cloudeng.io/sync v0.0.8 h1:N8o5Qo5sjxwDktWIW/7rfK14O74jGS3pprefjF3EFKA=
cloudeng.io/sync v0.0.8/go.mod h1:76qdZzMQSN+iPeQxY9MSbnSELKQmcd9E6pnfRgWgN8s=
cloudeng.io/sys v0.0.0-20250119024745-8a46e9bdda10 h1:A+45DKSFriLzKE418FjYqD9Ft1+9Am1gzY67Hzr4cPs=
cloudeng.io/sys v0.0.0-20250119024745-8a46e9bdda10/go.mod h1:DTZ/0U2Qj6+6HoD2x22VI5E1KdEY/eS5cZLaQ78P9j8=
cloudeng.io/text v0.0.11 h1:q3+p3gxwNdr/V+k4+77fj9QxVpUU8G7B4+v26m+sE8I=
cloudeng.io/text v0.0.11/go.mod h1:99L3CQ55YhUy2+lHlFPowYyCoXO86fmkvNtcMT2X3GU=
cloudeng.io/webapi/clients/nws v0.0.0-20250419215804-ce6a0b356c82 h1:zaj8+eyLHYXB57tp51hJwQeUA2PwULoBK37C+H9gttY=
cloudeng.io/webapi/clients/nws v0.0.0-20250419215804-ce6a0b356c82/go.mod h1:8/hIqvDhBxwE2iws0n1xnqRTZO09c6quqyECGlKuuXI=
cloudeng.io/webapi/operations v0.0.0-20250419215804-ce6a0b356c82 h1:zk4WArNQ7+jVeX9N1NFfZadG0GPI4DClsMnCwtwgT/8=
cloudeng.io/webapi/operations v0.0.0-20250419215804-ce6a0b356c82/go.mod h1:3Zg8xbk9mCJVsHNo3dJWivuG7cZYdPxqHrLUp2pdltA=
cloudeng.io/webapi/webapitestutil v0.0.0-20250116040431-a16229cf0935 h1:hypPDisqnhvEHQ7+Orn8zEkE0A2P7nZWVgqGy8MO0D4=
cloudeng.io/webapi/webapitestutil v0.0.0-20250116040431-a16229cf0935/go.mod h1:cMF03lbZy2+oWkCUD3CPtKzxClTGjqbIyk2E/IMVQtA=
cloudeng.io/webapp v0.0.0-20250417183712-58bca6dba505 h1:qV2uw9QmH4OQDgExaHfLbYGi/yCpSAMETwcJBM9rBCY=
cloudeng.io/webapp v0.0.0-20250417183712-58bca6dba505/go.mod h1:r6+6WVKxG1cEYBVIyHmPRjcxZr95ALGl3+1I0mtcCgI=
github.com/cosnicolaou/automation v0.0.0-20250414044827-b7c9220979d8 h1:i5UcchK6FjuB4QH67cAnqyRtm1TvYZf425a8nPGN6Pk=
github.com/cosnicolaou/automation v0.0.0-20250414044827-b7c9220979d8/go.mod h1:OLcpZsCDevmMfXdxXS6bOvJxguCP9kP7B3dL9hW5GpU=
github.com/cosnicolaou/elk v0.0.0-20250404002040-391222906ce8 h1:Ye6LQnXFH1+8olYVWEIdcqB+CV3BZFjcFoaj1i6+yj4=
github.com/cosnicolaou/elk v0.0.0-20250404002040-391222906ce8/go.mod h1:NhXxAXGTor0uQCdMj4iRFM9UJaOkVrvCAErxsSBsjGE=
github.com/cosnicolaou/lutron v0.0.0-20250124000727-687038ce1569 h1:V4s43pEba0Z2nnoHs5RNI2+vI7URKsZ9AYBebOCsn0w=
github.com/cosnicolaou/lutron v0.0.0-20250124000727-687038ce1569/go.mod h1:F6tSGfxWuhTy4+YJw0icCk5JGn1lOl5lEtK0/D8KYAY=
github.com/cosnicolaou/pentair v0.0.0-20250405060513-cb1f5440109f h1:lAYXxirzc5DYp49s4wrUFHnMvLAb5yB6xWVcARVzupI=
github.com/cosnicolaou/pentair v0.0.0-20250405060513-cb1f5440109f/go.mod h1:tgSkDTWqES0wTGmImPLnCH4iLQJ7SxnOmncpSZIxPHQ=
github.com/cosnicolaou/weather v0.0.0-20250404002848-0469b072f215 h1:iCE9JVblq4OH7Fmur/UBlbb1PBzmqBrEcYxBeEQwves=
github.com/cosnicolaou/weather v0.0.0-20250404002848-0469b072f215/go.mod h1:Y+tUDhNzBw8ANGy2gjqtHq8Goa/h8rMfSmV3ugWpqoE=
github.com/creack/pty v1.1.9/go.mod h1:oKZEueFk5CKHvIhNR5MUki03XCEU+Q6VDXinZuGJ33E=
github.com/davecgh/go-spew v1.1.1 h1:vj9j/u1bqnvCEfJOwUhtlOARqs3+rkHYY13jYWTU97c=
github.com/davecgh/go-spew v1.1.1/go.mod h1:J7Y8YcW2NihsgmVo/mv3lAwl/skON4iLHjSsI+c5H38=
github.com/jedib0t/go-pretty/v6 v6.6.7 h1:m+LbHpm0aIAPLzLbMfn8dc3Ht8MW7lsSO4MPItz/Uuo=
github.com/jedib0t/go-pretty/v6 v6.6.7/go.mod h1:YwC5CE4fJ1HFUDeivSV1r//AmANFHyqczZk+U6BDALU=
github.com/keybase/go-keychain v0.0.1 h1:way+bWYa6lDppZoZcgMbYsvC7GxljxrskdNInRtuthU=
github.com/keybase/go-keychain v0.0.1/go.mod h1:PdEILRW3i9D8JcdM+FmY6RwkHGnhHxXwkPPMeUgOK1k=
github.com/kr/pretty v0.3.1 h1:flRD4NNwYAUpkphVc1HcthR4KEIFJ65n8Mw5qdRn3LE=
github.com/kr/pretty v0.3.1/go.mod h1:hoEshYVHaxMs3cyo3Yncou5ZscifuDolrwPKZanG3xk=
github.com/kr/text v0.2.0 h1:5Nx0Ya0ZqY2ygV366QzturHI13Jq95ApcVaJBhpS+AY=
github.com/kr/text v0.2.0/go.mod h1:eLer722TekiGuMkidMxC/pM04lWEeraHUUmBw8l2grE=
github.com/mattn/go-runewidth v0.0.16 h1:E5ScNMtiwvlvB5paMFdw9p4kSQzbXFikJ5SQO6TULQc=
github.com/mattn/go-runewidth v0.0.16/go.mod h1:Jdepj2loyihRzMpdS35Xk/zdY8IAYHsh153qUoGf23w=
github.com/mooncaker816/learnmeeus/v3 v3.0.0-20180601123323-8217f4131761 h1:vYedVmd5TrlJ81C2+/cpTWBB4TNosKI+/ZX+xsVfxmw=
github.com/mooncaker816/learnmeeus/v3 v3.0.0-20180601123323-8217f4131761/go.mod h1:8wv0gR1RFJAL+HmFF56VgVmoi+yJUcPWtJfboy31AQo=
github.com/nathan-osman/go-sunrise v1.1.0 h1:ZqZmtmtzs8Os/DGQYi0YMHpuUqR/iRoJK+wDO0wTCw8=
github.com/nathan-osman/go-sunrise v1.1.0/go.mod h1:RcWqhT+5ShCZDev79GuWLayetpJp78RSjSWxiDowmlM=
github.com/pkg/browser v0.0.0-20240102092130-5ac0b6a4141c h1:+mdjkGKdHQG3305AYmdv1U2eRNDiU2ErMBj1gwrq8eQ=
github.com/pkg/browser v0.0.0-20240102092130-5ac0b6a4141c/go.mod h1:7rwL4CYBLnjLxUqIJNnCWiEdr3bn6IUYi15bNlnbCCU=
github.com/pmezard/go-difflib v1.0.0 h1:4DBwDE0NGyQoBHbLQYPwSUPoCMWR5BEzIk/f1lZbAQM=
github.com/pmezard/go-difflib v1.0.0/go.mod h1:iKH77koFhYxTK1pcRnkKkqfTogsbg7gZNVY4sRDYZ/4=
github.com/reiver/go-oi v1.0.0 h1:nvECWD7LF+vOs8leNGV/ww+F2iZKf3EYjYZ527turzM=
github.com/reiver/go-oi v1.0.0/go.mod h1:RrDBct90BAhoDTxB1fenZwfykqeGvhI6LsNfStJoEkI=
github.com/reiver/go-telnet v0.0.0-20180421082511-9ff0b2ab096e h1:quuzZLi72kkJjl+f5AQ93FMcadG19WkS7MO6TXFOSas=
github.com/reiver/go-telnet v0.0.0-20180421082511-9ff0b2ab096e/go.mod h1:+5vNVvEWwEIx86DB9Ke/+a5wBI464eDRo3eF0LcfpWg=
github.com/rivo/uniseg v0.2.0/go.mod h1:J6wj4VEh+S6ZtnVlnTBMWIodfgj8LQOQFoIToxlJtxc=
github.com/rivo/uniseg v0.4.7 h1:WUdvkW8uEhrYfLC4ZzdpI2ztxP1I582+49Oc5Mq64VQ=
github.com/rivo/uniseg v0.4.7/go.mod h1:FN3SvrM+Zdj16jyLfmOkMNblXMcoc8DfTHruCPUcx88=
github.com/rogpeppe/go-internal v1.12.0 h1:exVL4IDcn6na9z1rAb56Vxr+CgyK3nn3O+epU5NdKM8=
github.com/rogpeppe/go-internal v1.12.0/go.mod h1:E+RYuTGaKKdloAfM02xzb0FW3Paa99yedzYV+kq4uf4=
github.com/soniakeys/sexagesimal v1.0.0 h1:p4OW7ID1naq0+k0Sn/gvuS2hRgmEcuJrZeyyntOGLvU=
github.com/soniakeys/sexagesimal v1.0.0/go.mod h1:/7psACvkUx/IZ1XX3HDdBci1Lz1ZObcjLX2MVVKI3rM=
github.com/soniakeys/unit v1.0.0 h1:UMIgu6dxDQaK6tYaQV6dJn5oovB6035KRxCS0O7Jiec=
github.com/soniakeys/unit v1.0.0/go.mod h1:z93o2tO/hJA2+Wr1Fozkt3jK4LyDwTfRCjyRFLAa4zk=
github.com/stretchr/testify v1.10.0 h1:Xv5erBjTwe/5IxqUQTdXv5kgmIvbHo3QQyRwhJsOfJA=
github.com/stretchr/testify v1.10.0/go.mod h1:r2ic/lqez/lEtzL7wO/rwa5dbSLXVDPFyf8C91i36aY=
github.com/ziutek/telnet v0.1.0 h1:Fds2AqweYyoRHX/5X8ikiyqIcSl156Sf2xCvURfqXHA=
github.com/ziutek/telnet v0.1.0/go.mod h1:3M/h4qudUBZA8n+N4ywQIu2auiHUJNdqLUIKDAbG2M4=
golang.org/x/sys v0.1.0/go.mod h1:oPkhp1MJrh7nUepCBck5+mAzfO9JrbApNNgaTdGDITg=
golang.org/x/sys v0.32.0 h1:s77OFDvIQeibCmezSnk/q6iAfkdiQaJi4VzroCFrN20=
golang.org/x/sys v0.32.0/go.mod h1:BJP2sWEmIv4KK5OTEluFJCKSidICx8ciO85XgH3Ak8k=
golang.org/x/text v0.24.0 h1:dd5Bzh4yt5KYA8f9CJHCP4FB4D51c2c6JvN37xJJkJ0=
golang.org/x/text v0.24.0/go.mod h1:L8rBsPeo2pSS+xqN0d5u2ikmjtmoJbDBT1b7nHvFCdU=
gopkg.in/check.v1 v0.0.0-20161208181325-20d25e280405/go.mod h1:Co6ibVJAznAaIkqp8huTwlJQCZ016jof/cbN4VW5Yz0=
gopkg.in/check.v1 v1.0.0-20201130134442-10cb98267c6c h1:Hei/4ADfdWqJk1ZMxUNpqntNwaWcugrBjAiHlqqRiVk=
gopkg.in/check.v1 v1.0.0-20201130134442-10cb98267c6c/go.mod h1:JHkPIbrfpd72SG/EVd6muEfDQjcINNoR0C8j2r3qZ4Q=
gopkg.in/yaml.v3 v3.0.1 h1:fxVm/GzAzEWqLHuvctI91KS9hhNmmWOoWu0XTYJS7CA=
gopkg.in/yaml.v3 v3.0.1/go.mod h1:K4uyk7z7BCEPqu6E+C64Yfv1cQ7kz7rIZviUmN+EgEM=
